
Microsoft Visual Studio Solution File, Format Version 12.00
# Visual Studio 15
VisualStudioVersion = 15.0.28010.2048
MinimumVisualStudioVersion = 10.0.40219.1
Project("{FAE04EC0-301F-11D3-BF4B-00C04F79EFBC}") = "exceptionsProject", "exceptions\exceptionsProject.csproj", "{9ABD186A-DA79-4680-90AE-953E0550541D}"
EndProject
Project("{FAE04EC0-301F-11D3-BF4B-00C04F79EFBC}") = "Collections", "Collections\Collections.csproj", "{11B8E5E8-C4AB-4281-BE75-3A92B73EE8B3}"
EndProject
Global
	GlobalSection(SolutionConfigurationPlatforms) = preSolution
		Debug|Any CPU = Debug|Any CPU
		Release|Any CPU = Release|Any CPU
	EndGlobalSection
	GlobalSection(ProjectConfigurationPlatforms) = postSolution
		{9ABD186A-DA79-4680-90AE-953E0550541D}.Debug|Any CPU.ActiveCfg = Debug|Any CPU
		{9ABD186A-DA79-4680-90AE-953E0550541D}.Debug|Any CPU.Build.0 = Debug|Any CPU
		{9ABD186A-DA79-4680-90AE-953E0550541D}.Release|Any CPU.ActiveCfg = Release|Any CPU
		{9ABD186A-DA79-4680-90AE-953E0550541D}.Release|Any CPU.Build.0 = Release|Any CPU
		{11B8E5E8-C4AB-4281-BE75-3A92B73EE8B3}.Debug|Any CPU.ActiveCfg = Debug|Any CPU
		{11B8E5E8-C4AB-4281-BE75-3A92B73EE8B3}.Debug|Any CPU.Build.0 = Debug|Any CPU
		{11B8E5E8-C4AB-4281-BE75-3A92B73EE8B3}.Release|Any CPU.ActiveCfg = Release|Any CPU
		{11B8E5E8-C4AB-4281-BE75-3A92B73EE8B3}.Release|Any CPU.Build.0 = Release|Any CPU
	EndGlobalSection
	GlobalSection(SolutionProperties) = preSolution
		HideSolutionNode = FALSE
	EndGlobalSection
	GlobalSection(ExtensibilityGlobals) = postSolution
		SolutionGuid = {D5E075CA-AF58-4154-A7E9-0C515957F330}
	EndGlobalSection
EndGlobal
